
Microsoft Visual Studio Solution File, Format Version 12.00
# Visual Studio Version 16
VisualStudioVersion = 16.0.29911.84
MinimumVisualStudioVersion = 10.0.40219.1
Project("{FAE04EC0-301F-11D3-BF4B-00C04F79EFBC}") = "Lab8_Diego-Pinochet", "Lab8_Diego-Pinochet.csproj", "{495FD4A2-74D9-4F4A-BBD1-8F3D82133903}"
EndProject
Project("{FAE04EC0-301F-11D3-BF4B-00C04F79EFBC}") = "Models", "..\Models\Models.csproj", "{365B0A93-6E65-4BF8-86B4-FF03A56B4907}"
EndProject
Global
	GlobalSection(SolutionConfigurationPlatforms) = preSolution
		Debug|Any CPU = Debug|Any CPU
		Release|Any CPU = Release|Any CPU
	EndGlobalSection
	GlobalSection(ProjectConfigurationPlatforms) = postSolution
		{495FD4A2-74D9-4F4A-BBD1-8F3D82133903}.Debug|Any CPU.ActiveCfg = Debug|Any CPU
		{495FD4A2-74D9-4F4A-BBD1-8F3D82133903}.Debug|Any CPU.Build.0 = Debug|Any CPU
		{495FD4A2-74D9-4F4A-BBD1-8F3D82133903}.Release|Any CPU.ActiveCfg = Release|Any CPU
		{495FD4A2-74D9-4F4A-BBD1-8F3D82133903}.Release|Any CPU.Build.0 = Release|Any CPU
		{365B0A93-6E65-4BF8-86B4-FF03A56B4907}.Debug|Any CPU.ActiveCfg = Debug|Any CPU
		{365B0A93-6E65-4BF8-86B4-FF03A56B4907}.Debug|Any CPU.Build.0 = Debug|Any CPU
		{365B0A93-6E65-4BF8-86B4-FF03A56B4907}.Release|Any CPU.ActiveCfg = Release|Any CPU
		{365B0A93-6E65-4BF8-86B4-FF03A56B4907}.Release|Any CPU.Build.0 = Release|Any CPU
	EndGlobalSection
	GlobalSection(SolutionProperties) = preSolution
		HideSolutionNode = FALSE
	EndGlobalSection
	GlobalSection(ExtensibilityGlobals) = postSolution
		SolutionGuid = {33109F51-E1BC-4193-8105-B2FC53AAB0B9}
	EndGlobalSection
EndGlobal
